// !$*UTF8*$!
{
	archiveVersion = 1;
	classes = {
	};
	objectVersion = 46;
	objects = {

/* Begin PBXBuildFile section */
		1034C3D91AE5ACFC0051567E /* passButton.png in Resources */ = {isa = PBXBuildFile; fileRef = 1034C3D81AE5ACFC0051567E /* passButton.png */; };
		10B971581AD1C978006CFE36 /* RecordView.swift in Sources */ = {isa = PBXBuildFile; fileRef = 10B971571AD1C978006CFE36 /* RecordView.swift */; };
		1678F8E81AD86B2A00AA7174 /* Queue.swift in Sources */ = {isa = PBXBuildFile; fileRef = 1678F8E71AD86B2A00AA7174 /* Queue.swift */; };
		16D9E7801AE2D01C00DD9DF7 /* pass_button.gif in Resources */ = {isa = PBXBuildFile; fileRef = 16D9E77F1AE2D01C00DD9DF7 /* pass_button.gif */; };
		B3014C0D1AE06CFE00F21548 /* TutorialViewController.swift in Sources */ = {isa = PBXBuildFile; fileRef = B3014C0C1AE06CFE00F21548 /* TutorialViewController.swift */; };
		B3014C0F1AE06DFC00F21548 /* PageItemController.swift in Sources */ = {isa = PBXBuildFile; fileRef = B3014C0E1AE06DFC00F21548 /* PageItemController.swift */; };
		B322B46E1AE59A74008291D4 /* button1.png in Resources */ = {isa = PBXBuildFile; fileRef = B322B46C1AE59A74008291D4 /* button1.png */; };
		B322B46F1AE59A74008291D4 /* button2.png in Resources */ = {isa = PBXBuildFile; fileRef = B322B46D1AE59A74008291D4 /* button2.png */; };
		B322B4741AE5C516008291D4 /* tutorial1.png in Resources */ = {isa = PBXBuildFile; fileRef = B322B4701AE5C516008291D4 /* tutorial1.png */; };
		B322B4751AE5C516008291D4 /* tutorial2.png in Resources */ = {isa = PBXBuildFile; fileRef = B322B4711AE5C516008291D4 /* tutorial2.png */; };
		B322B4761AE5C516008291D4 /* tutorial3.png in Resources */ = {isa = PBXBuildFile; fileRef = B322B4721AE5C516008291D4 /* tutorial3.png */; };
		B322B4771AE5C516008291D4 /* tutorial4.png in Resources */ = {isa = PBXBuildFile; fileRef = B322B4731AE5C516008291D4 /* tutorial4.png */; };
		B372A7991AD2F5D30079B0A4 /* scoreboard.png in Resources */ = {isa = PBXBuildFile; fileRef = B372A7961AD2F5D30079B0A4 /* scoreboard.png */; };
		B372A79A1AD2F5D30079B0A4 /* setting.png in Resources */ = {isa = PBXBuildFile; fileRef = B372A7971AD2F5D30079B0A4 /* setting.png */; };
		B372A79B1AD2F5D30079B0A4 /* question.png in Resources */ = {isa = PBXBuildFile; fileRef = B372A7981AD2F5D30079B0A4 /* question.png */; };
		B372A7A81AD2FB0D0079B0A4 /* allClear.png in Resources */ = {isa = PBXBuildFile; fileRef = B372A7A41AD2FB0D0079B0A4 /* allClear.png */; };
		B372A7AB1AD2FB0D0079B0A4 /* showTimeAdded.png in Resources */ = {isa = PBXBuildFile; fileRef = B372A7A71AD2FB0D0079B0A4 /* showTimeAdded.png */; };
		B372A7AD1AD2FE120079B0A4 /* increaseSpeed.png in Resources */ = {isa = PBXBuildFile; fileRef = B372A7AC1AD2FE120079B0A4 /* increaseSpeed.png */; };
		B372A7AF1AD2FE160079B0A4 /* addTime.png in Resources */ = {isa = PBXBuildFile; fileRef = B372A7AE1AD2FE160079B0A4 /* addTime.png */; };
		B372A7B11AD2FF0F0079B0A4 /* record_pic.png in Resources */ = {isa = PBXBuildFile; fileRef = B372A7B01AD2FF0F0079B0A4 /* record_pic.png */; };
		B372A7B31AD300BE0079B0A4 /* background.png in Resources */ = {isa = PBXBuildFile; fileRef = B372A7B21AD300BE0079B0A4 /* background.png */; };
		B372A7B71AD332CC0079B0A4 /* removeAllBombs.png in Resources */ = {isa = PBXBuildFile; fileRef = B372A7B61AD332CC0079B0A4 /* removeAllBombs.png */; };
		B38ACD0C1AC9EE3A00CD3594 /* main_pic.png in Resources */ = {isa = PBXBuildFile; fileRef = B38ACD0A1AC9EE3A00CD3594 /* main_pic.png */; };
		B38ACD0D1AC9EE3A00CD3594 /* main_title.png in Resources */ = {isa = PBXBuildFile; fileRef = B38ACD0B1AC9EE3A00CD3594 /* main_title.png */; };
		B38ACD101AC9EE5600CD3594 /* MissionScene.sks in Resources */ = {isa = PBXBuildFile; fileRef = B38ACD0E1AC9EE5600CD3594 /* MissionScene.sks */; };
		B38ACD111AC9EE5600CD3594 /* MissionScene.swift in Sources */ = {isa = PBXBuildFile; fileRef = B38ACD0F1AC9EE5600CD3594 /* MissionScene.swift */; };
		BF008E2C1AC8BE260083FFA1 /* EvilLaugh.mp3 in Resources */ = {isa = PBXBuildFile; fileRef = BF008E2B1AC8BE260083FFA1 /* EvilLaugh.mp3 */; };
		BF2FED571AD616B400A77E78 /* CustomAlert.swift in Sources */ = {isa = PBXBuildFile; fileRef = BF2FED561AD616B400A77E78 /* CustomAlert.swift */; };
		BF3F9B231AA43680005DD68B /* BOOM.png in Resources */ = {isa = PBXBuildFile; fileRef = BF3F9B221AA43680005DD68B /* BOOM.png */; };
		BF93D2801AB9B7B80061F3BE /* BeeDo.mp3 in Resources */ = {isa = PBXBuildFile; fileRef = BF93D2771AB9B7B80061F3BE /* BeeDo.mp3 */; };
		BF93D2811AB9B7B80061F3BE /* explosion.mp3 in Resources */ = {isa = PBXBuildFile; fileRef = BF93D2781AB9B7B80061F3BE /* explosion.mp3 */; };
		BF93D2821AB9B7B80061F3BE /* gameView.mp3 in Resources */ = {isa = PBXBuildFile; fileRef = BF93D2791AB9B7B80061F3BE /* gameView.mp3 */; };
		BF93D2831AB9B7B80061F3BE /* haha.mp3 in Resources */ = {isa = PBXBuildFile; fileRef = BF93D27A1AB9B7B80061F3BE /* haha.mp3 */; };
		BF93D2841AB9B7B80061F3BE /* match.mp3 in Resources */ = {isa = PBXBuildFile; fileRef = BF93D27B1AB9B7B80061F3BE /* match.mp3 */; };
		BF93D2851AB9B7B80061F3BE /* ohoh.mp3 in Resources */ = {isa = PBXBuildFile; fileRef = BF93D27C1AB9B7B80061F3BE /* ohoh.mp3 */; };
		BF93D2861AB9B7B80061F3BE /* playView.mp3 in Resources */ = {isa = PBXBuildFile; fileRef = BF93D27D1AB9B7B80061F3BE /* playView.mp3 */; };
		BF93D2871AB9B7B80061F3BE /* yahoo.mp3 in Resources */ = {isa = PBXBuildFile; fileRef = BF93D27E1AB9B7B80061F3BE /* yahoo.mp3 */; };
		BF93D2881AB9B7B80061F3BE /* YAY.mp3 in Resources */ = {isa = PBXBuildFile; fileRef = BF93D27F1AB9B7B80061F3BE /* YAY.mp3 */; };
		BF98F02E1AD76EEA009A8057 /* pink.png in Resources */ = {isa = PBXBuildFile; fileRef = BF98F0251AD76EEA009A8057 /* pink.png */; };
		BF98F02F1AD76EEA009A8057 /* orange.png in Resources */ = {isa = PBXBuildFile; fileRef = BF98F0261AD76EEA009A8057 /* orange.png */; };
		BF98F0301AD76EEA009A8057 /* green.png in Resources */ = {isa = PBXBuildFile; fileRef = BF98F0271AD76EEA009A8057 /* green.png */; };
		BF98F0311AD76EEA009A8057 /* gray.png in Resources */ = {isa = PBXBuildFile; fileRef = BF98F0281AD76EEA009A8057 /* gray.png */; };
		BF98F0321AD76EEA009A8057 /* brown.png in Resources */ = {isa = PBXBuildFile; fileRef = BF98F0291AD76EEA009A8057 /* brown.png */; };
		BF98F0331AD76EEA009A8057 /* blue.png in Resources */ = {isa = PBXBuildFile; fileRef = BF98F02A1AD76EEA009A8057 /* blue.png */; };
		BF98F0341AD76EEA009A8057 /* yellow.png in Resources */ = {isa = PBXBuildFile; fileRef = BF98F02B1AD76EEA009A8057 /* yellow.png */; };
		BF98F0351AD76EEA009A8057 /* red.png in Resources */ = {isa = PBXBuildFile; fileRef = BF98F02C1AD76EEA009A8057 /* red.png */; };
		BF98F0361AD76EEA009A8057 /* purple.png in Resources */ = {isa = PBXBuildFile; fileRef = BF98F02D1AD76EEA009A8057 /* purple.png */; };
		BFFF7AF81A9C019C00C20F20 /* AppDelegate.swift in Sources */ = {isa = PBXBuildFile; fileRef = BFFF7AF71A9C019C00C20F20 /* AppDelegate.swift */; };
		BFFF7AFA1A9C019C00C20F20 /* GameScene.sks in Resources */ = {isa = PBXBuildFile; fileRef = BFFF7AF91A9C019C00C20F20 /* GameScene.sks */; };
		BFFF7AFC1A9C019C00C20F20 /* GameScene.swift in Sources */ = {isa = PBXBuildFile; fileRef = BFFF7AFB1A9C019C00C20F20 /* GameScene.swift */; };
		BFFF7AFE1A9C019C00C20F20 /* GameViewController.swift in Sources */ = {isa = PBXBuildFile; fileRef = BFFF7AFD1A9C019C00C20F20 /* GameViewController.swift */; };
		BFFF7B011A9C019C00C20F20 /* Main.storyboard in Resources */ = {isa = PBXBuildFile; fileRef = BFFF7AFF1A9C019C00C20F20 /* Main.storyboard */; };
		BFFF7B031A9C019C00C20F20 /* Images.xcassets in Resources */ = {isa = PBXBuildFile; fileRef = BFFF7B021A9C019C00C20F20 /* Images.xcassets */; };
		BFFF7B061A9C019C00C20F20 /* LaunchScreen.xib in Resources */ = {isa = PBXBuildFile; fileRef = BFFF7B041A9C019C00C20F20 /* LaunchScreen.xib */; };
		BFFF7B121A9C019C00C20F20 /* DeBomberTests.swift in Sources */ = {isa = PBXBuildFile; fileRef = BFFF7B111A9C019C00C20F20 /* DeBomberTests.swift */; };
		BFFF7B1C1A9C03BA00C20F20 /* PlayViewController.swift in Sources */ = {isa = PBXBuildFile; fileRef = BFFF7B1B1A9C03BA00C20F20 /* PlayViewController.swift */; };
/* End PBXBuildFile section */

/* Begin PBXContainerItemProxy section */
		BFFF7B0C1A9C019C00C20F20 /* PBXContainerItemProxy */ = {
			isa = PBXContainerItemProxy;
			containerPortal = BFFF7AEA1A9C019C00C20F20 /* Project object */;
			proxyType = 1;
			remoteGlobalIDString = BFFF7AF11A9C019C00C20F20;
			remoteInfo = DeBomber;
		};
/* End PBXContainerItemProxy section */

/* Begin PBXFileReference section */
		1034C3D81AE5ACFC0051567E /* passButton.png */ = {isa = PBXFileReference; lastKnownFileType = image.png; path = passButton.png; sourceTree = "<group>"; };
		10B971571AD1C978006CFE36 /* RecordView.swift */ = {isa = PBXFileReference; fileEncoding = 4; lastKnownFileType = sourcecode.swift; path = RecordView.swift; sourceTree = "<group>"; };
		1678F8E71AD86B2A00AA7174 /* Queue.swift */ = {isa = PBXFileReference; fileEncoding = 4; lastKnownFileType = sourcecode.swift; path = Queue.swift; sourceTree = "<group>"; };
		16D9E77F1AE2D01C00DD9DF7 /* pass_button.gif */ = {isa = PBXFileReference; lastKnownFileType = image.gif; path = pass_button.gif; sourceTree = "<group>"; };
		B3014C0C1AE06CFE00F21548 /* TutorialViewController.swift */ = {isa = PBXFileReference; fileEncoding = 4; lastKnownFileType = sourcecode.swift; path = TutorialViewController.swift; sourceTree = "<group>"; };
		B3014C0E1AE06DFC00F21548 /* PageItemController.swift */ = {isa = PBXFileReference; fileEncoding = 4; lastKnownFileType = sourcecode.swift; path = PageItemController.swift; sourceTree = "<group>"; };
		B322B46C1AE59A74008291D4 /* button1.png */ = {isa = PBXFileReference; lastKnownFileType = image.png; path = button1.png; sourceTree = "<group>"; };
		B322B46D1AE59A74008291D4 /* button2.png */ = {isa = PBXFileReference; lastKnownFileType = image.png; path = button2.png; sourceTree = "<group>"; };
		B322B4701AE5C516008291D4 /* tutorial1.png */ = {isa = PBXFileReference; lastKnownFileType = image.png; path = tutorial1.png; sourceTree = "<group>"; };
		B322B4711AE5C516008291D4 /* tutorial2.png */ = {isa = PBXFileReference; lastKnownFileType = image.png; path = tutorial2.png; sourceTree = "<group>"; };
		B322B4721AE5C516008291D4 /* tutorial3.png */ = {isa = PBXFileReference; lastKnownFileType = image.png; path = tutorial3.png; sourceTree = "<group>"; };
		B322B4731AE5C516008291D4 /* tutorial4.png */ = {isa = PBXFileReference; lastKnownFileType = image.png; path = tutorial4.png; sourceTree = "<group>"; };
		B372A7961AD2F5D30079B0A4 /* scoreboard.png */ = {isa = PBXFileReference; lastKnownFileType = image.png; path = scoreboard.png; sourceTree = "<group>"; };
		B372A7971AD2F5D30079B0A4 /* setting.png */ = {isa = PBXFileReference; lastKnownFileType = image.png; path = setting.png; sourceTree = "<group>"; };
		B372A7981AD2F5D30079B0A4 /* question.png */ = {isa = PBXFileReference; lastKnownFileType = image.png; path = question.png; sourceTree = "<group>"; };
		B372A7A41AD2FB0D0079B0A4 /* allClear.png */ = {isa = PBXFileReference; lastKnownFileType = image.png; path = allClear.png; sourceTree = "<group>"; };
		B372A7A71AD2FB0D0079B0A4 /* showTimeAdded.png */ = {isa = PBXFileReference; lastKnownFileType = image.png; path = showTimeAdded.png; sourceTree = "<group>"; };
		B372A7AC1AD2FE120079B0A4 /* increaseSpeed.png */ = {isa = PBXFileReference; lastKnownFileType = image.png; path = increaseSpeed.png; sourceTree = "<group>"; };
		B372A7AE1AD2FE160079B0A4 /* addTime.png */ = {isa = PBXFileReference; lastKnownFileType = image.png; path = addTime.png; sourceTree = "<group>"; };
		B372A7B01AD2FF0F0079B0A4 /* record_pic.png */ = {isa = PBXFileReference; lastKnownFileType = image.png; path = record_pic.png; sourceTree = "<group>"; };
		B372A7B21AD300BE0079B0A4 /* background.png */ = {isa = PBXFileReference; lastKnownFileType = image.png; path = background.png; sourceTree = "<group>"; };
		B372A7B61AD332CC0079B0A4 /* removeAllBombs.png */ = {isa = PBXFileReference; lastKnownFileType = image.png; path = removeAllBombs.png; sourceTree = "<group>"; };
		B38ACD0A1AC9EE3A00CD3594 /* main_pic.png */ = {isa = PBXFileReference; lastKnownFileType = image.png; path = main_pic.png; sourceTree = "<group>"; };
		B38ACD0B1AC9EE3A00CD3594 /* main_title.png */ = {isa = PBXFileReference; lastKnownFileType = image.png; path = main_title.png; sourceTree = "<group>"; };
		B38ACD0E1AC9EE5600CD3594 /* MissionScene.sks */ = {isa = PBXFileReference; lastKnownFileType = file.sks; path = MissionScene.sks; sourceTree = "<group>"; };
		B38ACD0F1AC9EE5600CD3594 /* MissionScene.swift */ = {isa = PBXFileReference; fileEncoding = 4; lastKnownFileType = sourcecode.swift; path = MissionScene.swift; sourceTree = "<group>"; };
		BF008E2B1AC8BE260083FFA1 /* EvilLaugh.mp3 */ = {isa = PBXFileReference; lastKnownFileType = audio.mp3; path = EvilLaugh.mp3; sourceTree = "<group>"; };
		BF2FED561AD616B400A77E78 /* CustomAlert.swift */ = {isa = PBXFileReference; fileEncoding = 4; lastKnownFileType = sourcecode.swift; path = CustomAlert.swift; sourceTree = "<group>"; };
		BF3F9B221AA43680005DD68B /* BOOM.png */ = {isa = PBXFileReference; lastKnownFileType = image.png; path = BOOM.png; sourceTree = "<group>"; };
		BF93D2771AB9B7B80061F3BE /* BeeDo.mp3 */ = {isa = PBXFileReference; lastKnownFileType = audio.mp3; path = BeeDo.mp3; sourceTree = "<group>"; };
		BF93D2781AB9B7B80061F3BE /* explosion.mp3 */ = {isa = PBXFileReference; lastKnownFileType = audio.mp3; path = explosion.mp3; sourceTree = "<group>"; };
		BF93D2791AB9B7B80061F3BE /* gameView.mp3 */ = {isa = PBXFileReference; lastKnownFileType = audio.mp3; path = gameView.mp3; sourceTree = "<group>"; };
		BF93D27A1AB9B7B80061F3BE /* haha.mp3 */ = {isa = PBXFileReference; lastKnownFileType = audio.mp3; path = haha.mp3; sourceTree = "<group>"; };
		BF93D27B1AB9B7B80061F3BE /* match.mp3 */ = {isa = PBXFileReference; lastKnownFileType = audio.mp3; path = match.mp3; sourceTree = "<group>"; };
		BF93D27C1AB9B7B80061F3BE /* ohoh.mp3 */ = {isa = PBXFileReference; lastKnownFileType = audio.mp3; path = ohoh.mp3; sourceTree = "<group>"; };
		BF93D27D1AB9B7B80061F3BE /* playView.mp3 */ = {isa = PBXFileReference; lastKnownFileType = audio.mp3; path = playView.mp3; sourceTree = "<group>"; };
		BF93D27E1AB9B7B80061F3BE /* yahoo.mp3 */ = {isa = PBXFileReference; lastKnownFileType = audio.mp3; path = yahoo.mp3; sourceTree = "<group>"; };
		BF93D27F1AB9B7B80061F3BE /* YAY.mp3 */ = {isa = PBXFileReference; lastKnownFileType = audio.mp3; path = YAY.mp3; sourceTree = "<group>"; };
		BF98F0251AD76EEA009A8057 /* pink.png */ = {isa = PBXFileReference; lastKnownFileType = image.png; path = pink.png; sourceTree = "<group>"; };
		BF98F0261AD76EEA009A8057 /* orange.png */ = {isa = PBXFileReference; lastKnownFileType = image.png; path = orange.png; sourceTree = "<group>"; };
		BF98F0271AD76EEA009A8057 /* green.png */ = {isa = PBXFileReference; lastKnownFileType = image.png; path = green.png; sourceTree = "<group>"; };
		BF98F0281AD76EEA009A8057 /* gray.png */ = {isa = PBXFileReference; lastKnownFileType = image.png; path = gray.png; sourceTree = "<group>"; };
		BF98F0291AD76EEA009A8057 /* brown.png */ = {isa = PBXFileReference; lastKnownFileType = image.png; path = brown.png; sourceTree = "<group>"; };
		BF98F02A1AD76EEA009A8057 /* blue.png */ = {isa = PBXFileReference; lastKnownFileType = image.png; path = blue.png; sourceTree = "<group>"; };
		BF98F02B1AD76EEA009A8057 /* yellow.png */ = {isa = PBXFileReference; lastKnownFileType = image.png; path = yellow.png; sourceTree = "<group>"; };
		BF98F02C1AD76EEA009A8057 /* red.png */ = {isa = PBXFileReference; lastKnownFileType = image.png; path = red.png; sourceTree = "<group>"; };
		BF98F02D1AD76EEA009A8057 /* purple.png */ = {isa = PBXFileReference; lastKnownFileType = image.png; path = purple.png; sourceTree = "<group>"; };
		BFFF7AF21A9C019C00C20F20 /* DeBomber.app */ = {isa = PBXFileReference; explicitFileType = wrapper.application; includeInIndex = 0; path = DeBomber.app; sourceTree = BUILT_PRODUCTS_DIR; };
		BFFF7AF61A9C019C00C20F20 /* Info.plist */ = {isa = PBXFileReference; lastKnownFileType = text.plist.xml; path = Info.plist; sourceTree = "<group>"; };
		BFFF7AF71A9C019C00C20F20 /* AppDelegate.swift */ = {isa = PBXFileReference; lastKnownFileType = sourcecode.swift; path = AppDelegate.swift; sourceTree = "<group>"; };
		BFFF7AF91A9C019C00C20F20 /* GameScene.sks */ = {isa = PBXFileReference; lastKnownFileType = file.sks; path = GameScene.sks; sourceTree = "<group>"; };
		BFFF7AFB1A9C019C00C20F20 /* GameScene.swift */ = {isa = PBXFileReference; lastKnownFileType = sourcecode.swift; path = GameScene.swift; sourceTree = "<group>"; };
		BFFF7AFD1A9C019C00C20F20 /* GameViewController.swift */ = {isa = PBXFileReference; lastKnownFileType = sourcecode.swift; path = GameViewController.swift; sourceTree = "<group>"; };
		BFFF7B001A9C019C00C20F20 /* Base */ = {isa = PBXFileReference; lastKnownFileType = file.storyboard; name = Base; path = Base.lproj/Main.storyboard; sourceTree = "<group>"; };
		BFFF7B021A9C019C00C20F20 /* Images.xcassets */ = {isa = PBXFileReference; lastKnownFileType = folder.assetcatalog; path = Images.xcassets; sourceTree = "<group>"; };
		BFFF7B051A9C019C00C20F20 /* Base */ = {isa = PBXFileReference; lastKnownFileType = file.xib; name = Base; path = Base.lproj/LaunchScreen.xib; sourceTree = "<group>"; };
		BFFF7B0B1A9C019C00C20F20 /* DeBomberTests.xctest */ = {isa = PBXFileReference; explicitFileType = wrapper.cfbundle; includeInIndex = 0; path = DeBomberTests.xctest; sourceTree = BUILT_PRODUCTS_DIR; };
		BFFF7B101A9C019C00C20F20 /* Info.plist */ = {isa = PBXFileReference; lastKnownFileType = text.plist.xml; path = Info.plist; sourceTree = "<group>"; };
		BFFF7B111A9C019C00C20F20 /* DeBomberTests.swift */ = {isa = PBXFileReference; lastKnownFileType = sourcecode.swift; path = DeBomberTests.swift; sourceTree = "<group>"; };
		BFFF7B1B1A9C03BA00C20F20 /* PlayViewController.swift */ = {isa = PBXFileReference; fileEncoding = 4; lastKnownFileType = sourcecode.swift; path = PlayViewController.swift; sourceTree = "<group>"; };
/* End PBXFileReference section */

/* Begin PBXFrameworksBuildPhase section */
		BFFF7AEF1A9C019C00C20F20 /* Frameworks */ = {
			isa = PBXFrameworksBuildPhase;
			buildActionMask = 2147483647;
			files = (
			);
			runOnlyForDeploymentPostprocessing = 0;
		};
		BFFF7B081A9C019C00C20F20 /* Frameworks */ = {
			isa = PBXFrameworksBuildPhase;
			buildActionMask = 2147483647;
			files = (
			);
			runOnlyForDeploymentPostprocessing = 0;
		};
/* End PBXFrameworksBuildPhase section */

/* Begin PBXGroup section */
		BF3F9B211AA435D8005DD68B /* sprites.atlas */ = {
			isa = PBXGroup;
			children = (
				1034C3D81AE5ACFC0051567E /* passButton.png */,
				16D9E77F1AE2D01C00DD9DF7 /* pass_button.gif */,
				B322B4701AE5C516008291D4 /* tutorial1.png */,
				B322B4711AE5C516008291D4 /* tutorial2.png */,
				B322B4721AE5C516008291D4 /* tutorial3.png */,
				B322B4731AE5C516008291D4 /* tutorial4.png */,
				B372A7B21AD300BE0079B0A4 /* background.png */,
				B372A7B01AD2FF0F0079B0A4 /* record_pic.png */,
				B372A7961AD2F5D30079B0A4 /* scoreboard.png */,
				B372A7971AD2F5D30079B0A4 /* setting.png */,
				B372A7981AD2F5D30079B0A4 /* question.png */,
				B38ACD0A1AC9EE3A00CD3594 /* main_pic.png */,
				B38ACD0B1AC9EE3A00CD3594 /* main_title.png */,
				B372A7A41AD2FB0D0079B0A4 /* allClear.png */,
				B372A7AC1AD2FE120079B0A4 /* increaseSpeed.png */,
				B372A7AE1AD2FE160079B0A4 /* addTime.png */,
				B372A7A71AD2FB0D0079B0A4 /* showTimeAdded.png */,
				BF3F9B221AA43680005DD68B /* BOOM.png */,
				B372A7B61AD332CC0079B0A4 /* removeAllBombs.png */,
				BF98F0251AD76EEA009A8057 /* pink.png */,
				BF98F0261AD76EEA009A8057 /* orange.png */,
				BF98F0271AD76EEA009A8057 /* green.png */,
				BF98F0281AD76EEA009A8057 /* gray.png */,
				BF98F0291AD76EEA009A8057 /* brown.png */,
				B322B46C1AE59A74008291D4 /* button1.png */,
				B322B46D1AE59A74008291D4 /* button2.png */,
				BF98F02A1AD76EEA009A8057 /* blue.png */,
				BF98F02B1AD76EEA009A8057 /* yellow.png */,
				BF98F02C1AD76EEA009A8057 /* red.png */,
				BF98F02D1AD76EEA009A8057 /* purple.png */,
			);
			name = sprites.atlas;
			sourceTree = "<group>";
		};
		BF93D2761AB9B78D0061F3BE /* Music */ = {
			isa = PBXGroup;
			children = (
				BF93D2791AB9B7B80061F3BE /* gameView.mp3 */,
				BF93D27D1AB9B7B80061F3BE /* playView.mp3 */,
				BF93D2771AB9B7B80061F3BE /* BeeDo.mp3 */,
				BF93D27C1AB9B7B80061F3BE /* ohoh.mp3 */,
				BF93D2781AB9B7B80061F3BE /* explosion.mp3 */,
				BF93D27B1AB9B7B80061F3BE /* match.mp3 */,
				BF93D27A1AB9B7B80061F3BE /* haha.mp3 */,
				BF93D27E1AB9B7B80061F3BE /* yahoo.mp3 */,
				BF93D27F1AB9B7B80061F3BE /* YAY.mp3 */,
				BF008E2B1AC8BE260083FFA1 /* EvilLaugh.mp3 */,
			);
			name = Music;
			sourceTree = "<group>";
		};
		BFFF7AE91A9C019C00C20F20 = {
			isa = PBXGroup;
			children = (
				BFFF7AF41A9C019C00C20F20 /* DeBomber */,
				BFFF7B0E1A9C019C00C20F20 /* DeBomberTests */,
				BFFF7AF31A9C019C00C20F20 /* Products */,
			);
			sourceTree = "<group>";
		};
		BFFF7AF31A9C019C00C20F20 /* Products */ = {
			isa = PBXGroup;
			children = (
				BFFF7AF21A9C019C00C20F20 /* DeBomber.app */,
				BFFF7B0B1A9C019C00C20F20 /* DeBomberTests.xctest */,
			);
			name = Products;
			sourceTree = "<group>";
		};
		BFFF7AF41A9C019C00C20F20 /* DeBomber */ = {
			isa = PBXGroup;
			children = (
				1678F8E71AD86B2A00AA7174 /* Queue.swift */,
				BF93D2761AB9B78D0061F3BE /* Music */,
				BF3F9B211AA435D8005DD68B /* sprites.atlas */,
				BFFF7AF71A9C019C00C20F20 /* AppDelegate.swift */,
				BFFF7AFD1A9C019C00C20F20 /* GameViewController.swift */,
				BFFF7AF91A9C019C00C20F20 /* GameScene.sks */,
				BFFF7AFB1A9C019C00C20F20 /* GameScene.swift */,
				B38ACD0E1AC9EE5600CD3594 /* MissionScene.sks */,
				B38ACD0F1AC9EE5600CD3594 /* MissionScene.swift */,
				BFFF7B1B1A9C03BA00C20F20 /* PlayViewController.swift */,
				BFFF7AFF1A9C019C00C20F20 /* Main.storyboard */,
				10B971571AD1C978006CFE36 /* RecordView.swift */,
				BF2FED561AD616B400A77E78 /* CustomAlert.swift */,
				B3014C0E1AE06DFC00F21548 /* PageItemController.swift */,
				B3014C0C1AE06CFE00F21548 /* TutorialViewController.swift */,
				BFFF7B021A9C019C00C20F20 /* Images.xcassets */,
				BFFF7B041A9C019C00C20F20 /* LaunchScreen.xib */,
				BFFF7AF51A9C019C00C20F20 /* Supporting Files */,
			);
			path = DeBomber;
			sourceTree = "<group>";
		};
		BFFF7AF51A9C019C00C20F20 /* Supporting Files */ = {
			isa = PBXGroup;
			children = (
				BFFF7AF61A9C019C00C20F20 /* Info.plist */,
			);
			name = "Supporting Files";
			sourceTree = "<group>";
		};
		BFFF7B0E1A9C019C00C20F20 /* DeBomberTests */ = {
			isa = PBXGroup;
			children = (
				BFFF7B111A9C019C00C20F20 /* DeBomberTests.swift */,
				BFFF7B0F1A9C019C00C20F20 /* Supporting Files */,
			);
			path = DeBomberTests;
			sourceTree = "<group>";
		};
		BFFF7B0F1A9C019C00C20F20 /* Supporting Files */ = {
			isa = PBXGroup;
			children = (
				BFFF7B101A9C019C00C20F20 /* Info.plist */,
			);
			name = "Supporting Files";
			sourceTree = "<group>";
		};
/* End PBXGroup section */

/* Begin PBXNativeTarget section */
		BFFF7AF11A9C019C00C20F20 /* DeBomber */ = {
			isa = PBXNativeTarget;
			buildConfigurationList = BFFF7B151A9C019C00C20F20 /* Build configuration list for PBXNativeTarget "DeBomber" */;
			buildPhases = (
				BFFF7AEE1A9C019C00C20F20 /* Sources */,
				BFFF7AEF1A9C019C00C20F20 /* Frameworks */,
				BFFF7AF01A9C019C00C20F20 /* Resources */,
			);
			buildRules = (
			);
			dependencies = (
			);
			name = DeBomber;
			productName = DeBomber;
			productReference = BFFF7AF21A9C019C00C20F20 /* DeBomber.app */;
			productType = "com.apple.product-type.application";
		};
		BFFF7B0A1A9C019C00C20F20 /* DeBomberTests */ = {
			isa = PBXNativeTarget;
			buildConfigurationList = BFFF7B181A9C019C00C20F20 /* Build configuration list for PBXNativeTarget "DeBomberTests" */;
			buildPhases = (
				BFFF7B071A9C019C00C20F20 /* Sources */,
				BFFF7B081A9C019C00C20F20 /* Frameworks */,
				BFFF7B091A9C019C00C20F20 /* Resources */,
			);
			buildRules = (
			);
			dependencies = (
				BFFF7B0D1A9C019C00C20F20 /* PBXTargetDependency */,
			);
			name = DeBomberTests;
			productName = DeBomberTests;
			productReference = BFFF7B0B1A9C019C00C20F20 /* DeBomberTests.xctest */;
			productType = "com.apple.product-type.bundle.unit-test";
		};
/* End PBXNativeTarget section */

/* Begin PBXProject section */
		BFFF7AEA1A9C019C00C20F20 /* Project object */ = {
			isa = PBXProject;
			attributes = {
				LastUpgradeCheck = 0610;
				ORGANIZATIONNAME = "";
				TargetAttributes = {
					BFFF7AF11A9C019C00C20F20 = {
						CreatedOnToolsVersion = 6.1.1;
						DevelopmentTeam = 27KZ7T784M;
					};
					BFFF7B0A1A9C019C00C20F20 = {
						CreatedOnToolsVersion = 6.1.1;
						TestTargetID = BFFF7AF11A9C019C00C20F20;
					};
				};
			};
			buildConfigurationList = BFFF7AED1A9C019C00C20F20 /* Build configuration list for PBXProject "DeBomber" */;
			compatibilityVersion = "Xcode 3.2";
			developmentRegion = English;
			hasScannedForEncodings = 0;
			knownRegions = (
				en,
				Base,
			);
			mainGroup = BFFF7AE91A9C019C00C20F20;
			productRefGroup = BFFF7AF31A9C019C00C20F20 /* Products */;
			projectDirPath = "";
			projectRoot = "";
			targets = (
				BFFF7AF11A9C019C00C20F20 /* DeBomber */,
				BFFF7B0A1A9C019C00C20F20 /* DeBomberTests */,
			);
		};
/* End PBXProject section */

/* Begin PBXResourcesBuildPhase section */
		BFFF7AF01A9C019C00C20F20 /* Resources */ = {
			isa = PBXResourcesBuildPhase;
			buildActionMask = 2147483647;
			files = (
				B322B4771AE5C516008291D4 /* tutorial4.png in Resources */,
				B322B46F1AE59A74008291D4 /* button2.png in Resources */,
				BFFF7B061A9C019C00C20F20 /* LaunchScreen.xib in Resources */,
				B372A7B11AD2FF0F0079B0A4 /* record_pic.png in Resources */,
				BF93D2841AB9B7B80061F3BE /* match.mp3 in Resources */,
				B38ACD0C1AC9EE3A00CD3594 /* main_pic.png in Resources */,
				BF98F0361AD76EEA009A8057 /* purple.png in Resources */,
				B322B46E1AE59A74008291D4 /* button1.png in Resources */,
				BF93D2831AB9B7B80061F3BE /* haha.mp3 in Resources */,
				B372A7991AD2F5D30079B0A4 /* scoreboard.png in Resources */,
				BF93D2821AB9B7B80061F3BE /* gameView.mp3 in Resources */,
				B372A7AF1AD2FE160079B0A4 /* addTime.png in Resources */,
				B322B4751AE5C516008291D4 /* tutorial2.png in Resources */,
				BF98F02E1AD76EEA009A8057 /* pink.png in Resources */,
				B372A79A1AD2F5D30079B0A4 /* setting.png in Resources */,
				BFFF7B031A9C019C00C20F20 /* Images.xcassets in Resources */,
				B38ACD0D1AC9EE3A00CD3594 /* main_title.png in Resources */,
				B372A7AB1AD2FB0D0079B0A4 /* showTimeAdded.png in Resources */,
				BF93D2871AB9B7B80061F3BE /* yahoo.mp3 in Resources */,
				BF98F0311AD76EEA009A8057 /* gray.png in Resources */,
				BF93D2801AB9B7B80061F3BE /* BeeDo.mp3 in Resources */,
				BF3F9B231AA43680005DD68B /* BOOM.png in Resources */,
				B372A7B31AD300BE0079B0A4 /* background.png in Resources */,
				BF93D2861AB9B7B80061F3BE /* playView.mp3 in Resources */,
				B372A7AD1AD2FE120079B0A4 /* increaseSpeed.png in Resources */,
				16D9E7801AE2D01C00DD9DF7 /* pass_button.gif in Resources */,
				BF008E2C1AC8BE260083FFA1 /* EvilLaugh.mp3 in Resources */,
				BF98F0351AD76EEA009A8057 /* red.png in Resources */,
				B322B4761AE5C516008291D4 /* tutorial3.png in Resources */,
				BFFF7AFA1A9C019C00C20F20 /* GameScene.sks in Resources */,
				BF93D2881AB9B7B80061F3BE /* YAY.mp3 in Resources */,
				B372A7B71AD332CC0079B0A4 /* removeAllBombs.png in Resources */,
				BF98F02F1AD76EEA009A8057 /* orange.png in Resources */,
				BF98F0301AD76EEA009A8057 /* green.png in Resources */,
				1034C3D91AE5ACFC0051567E /* passButton.png in Resources */,
				BF93D2811AB9B7B80061F3BE /* explosion.mp3 in Resources */,
				B322B4741AE5C516008291D4 /* tutorial1.png in Resources */,
				BF98F0341AD76EEA009A8057 /* yellow.png in Resources */,
				B372A79B1AD2F5D30079B0A4 /* question.png in Resources */,
				BF93D2851AB9B7B80061F3BE /* ohoh.mp3 in Resources */,
				BF98F0331AD76EEA009A8057 /* blue.png in Resources */,
				BF98F0321AD76EEA009A8057 /* brown.png in Resources */,
				BFFF7B011A9C019C00C20F20 /* Main.storyboard in Resources */,
				B38ACD101AC9EE5600CD3594 /* MissionScene.sks in Resources */,
				B372A7A81AD2FB0D0079B0A4 /* allClear.png in Resources */,
			);
			runOnlyForDeploymentPostprocessing = 0;
		};
		BFFF7B091A9C019C00C20F20 /* Resources */ = {
			isa = PBXResourcesBuildPhase;
			buildActionMask = 2147483647;
			files = (
			);
			runOnlyForDeploymentPostprocessing = 0;
		};
/* End PBXResourcesBuildPhase section */

/* Begin PBXSourcesBuildPhase section */
		BFFF7AEE1A9C019C00C20F20 /* Sources */ = {
			isa = PBXSourcesBuildPhase;
			buildActionMask = 2147483647;
			files = (
				B38ACD111AC9EE5600CD3594 /* MissionScene.swift in Sources */,
				B3014C0D1AE06CFE00F21548 /* TutorialViewController.swift in Sources */,
				10B971581AD1C978006CFE36 /* RecordView.swift in Sources */,
				BFFF7B1C1A9C03BA00C20F20 /* PlayViewController.swift in Sources */,
				1678F8E81AD86B2A00AA7174 /* Queue.swift in Sources */,
				BFFF7AFC1A9C019C00C20F20 /* GameScene.swift in Sources */,
				BFFF7AFE1A9C019C00C20F20 /* GameViewController.swift in Sources */,
				B3014C0F1AE06DFC00F21548 /* PageItemController.swift in Sources */,
				BFFF7AF81A9C019C00C20F20 /* AppDelegate.swift in Sources */,
				BF2FED571AD616B400A77E78 /* CustomAlert.swift in Sources */,
			);
			runOnlyForDeploymentPostprocessing = 0;
		};
		BFFF7B071A9C019C00C20F20 /* Sources */ = {
			isa = PBXSourcesBuildPhase;
			buildActionMask = 2147483647;
			files = (
				BFFF7B121A9C019C00C20F20 /* DeBomberTests.swift in Sources */,
			);
			runOnlyForDeploymentPostprocessing = 0;
		};
/* End PBXSourcesBuildPhase section */

/* Begin PBXTargetDependency section */
		BFFF7B0D1A9C019C00C20F20 /* PBXTargetDependency */ = {
			isa = PBXTargetDependency;
			target = BFFF7AF11A9C019C00C20F20 /* DeBomber */;
			targetProxy = BFFF7B0C1A9C019C00C20F20 /* PBXContainerItemProxy */;
		};
/* End PBXTargetDependency section */

/* Begin PBXVariantGroup section */
		BFFF7AFF1A9C019C00C20F20 /* Main.storyboard */ = {
			isa = PBXVariantGroup;
			children = (
				BFFF7B001A9C019C00C20F20 /* Base */,
			);
			name = Main.storyboard;
			sourceTree = "<group>";
		};
		BFFF7B041A9C019C00C20F20 /* LaunchScreen.xib */ = {
			isa = PBXVariantGroup;
			children = (
				BFFF7B051A9C019C00C20F20 /* Base */,
			);
			name = LaunchScreen.xib;
			sourceTree = "<group>";
		};
/* End PBXVariantGroup section */

/* Begin XCBuildConfiguration section */
		BFFF7B131A9C019C00C20F20 /* Debug */ = {
			isa = XCBuildConfiguration;
			buildSettings = {
				ALWAYS_SEARCH_USER_PATHS = NO;
				CLANG_CXX_LANGUAGE_STANDARD = "gnu++0x";
				CLANG_CXX_LIBRARY = "libc++";
				CLANG_ENABLE_MODULES = YES;
				CLANG_ENABLE_OBJC_ARC = YES;
				CLANG_WARN_BOOL_CONVERSION = YES;
				CLANG_WARN_CONSTANT_CONVERSION = YES;
				CLANG_WARN_DIRECT_OBJC_ISA_USAGE = YES_ERROR;
				CLANG_WARN_EMPTY_BODY = YES;
				CLANG_WARN_ENUM_CONVERSION = YES;
				CLANG_WARN_INT_CONVERSION = YES;
				CLANG_WARN_OBJC_ROOT_CLASS = YES_ERROR;
				CLANG_WARN_UNREACHABLE_CODE = YES;
				CLANG_WARN__DUPLICATE_METHOD_MATCH = YES;
				"CODE_SIGN_IDENTITY[sdk=iphoneos*]" = "iPhone Developer";
				COPY_PHASE_STRIP = NO;
				ENABLE_STRICT_OBJC_MSGSEND = YES;
				GCC_C_LANGUAGE_STANDARD = gnu99;
				GCC_DYNAMIC_NO_PIC = NO;
				GCC_OPTIMIZATION_LEVEL = 0;
				GCC_PREPROCESSOR_DEFINITIONS = (
					"DEBUG=1",
					"$(inherited)",
				);
				GCC_SYMBOLS_PRIVATE_EXTERN = NO;
				GCC_WARN_64_TO_32_BIT_CONVERSION = YES;
				GCC_WARN_ABOUT_RETURN_TYPE = YES_ERROR;
				GCC_WARN_UNDECLARED_SELECTOR = YES;
				GCC_WARN_UNINITIALIZED_AUTOS = YES_AGGRESSIVE;
				GCC_WARN_UNUSED_FUNCTION = YES;
				GCC_WARN_UNUSED_VARIABLE = YES;
				IPHONEOS_DEPLOYMENT_TARGET = 8.1;
				MTL_ENABLE_DEBUG_INFO = YES;
				ONLY_ACTIVE_ARCH = YES;
				SDKROOT = iphoneos;
				SWIFT_OPTIMIZATION_LEVEL = "-Onone";
			};
			name = Debug;
		};
		BFFF7B141A9C019C00C20F20 /* Release */ = {
			isa = XCBuildConfiguration;
			buildSettings = {
				ALWAYS_SEARCH_USER_PATHS = NO;
				CLANG_CXX_LANGUAGE_STANDARD = "gnu++0x";
				CLANG_CXX_LIBRARY = "libc++";
				CLANG_ENABLE_MODULES = YES;
				CLANG_ENABLE_OBJC_ARC = YES;
				CLANG_WARN_BOOL_CONVERSION = YES;
				CLANG_WARN_CONSTANT_CONVERSION = YES;
				CLANG_WARN_DIRECT_OBJC_ISA_USAGE = YES_ERROR;
				CLANG_WARN_EMPTY_BODY = YES;
				CLANG_WARN_ENUM_CONVERSION = YES;
				CLANG_WARN_INT_CONVERSION = YES;
				CLANG_WARN_OBJC_ROOT_CLASS = YES_ERROR;
				CLANG_WARN_UNREACHABLE_CODE = YES;
				CLANG_WARN__DUPLICATE_METHOD_MATCH = YES;
				"CODE_SIGN_IDENTITY[sdk=iphoneos*]" = "iPhone Developer";
				COPY_PHASE_STRIP = YES;
				ENABLE_NS_ASSERTIONS = NO;
				ENABLE_STRICT_OBJC_MSGSEND = YES;
				GCC_C_LANGUAGE_STANDARD = gnu99;
				GCC_WARN_64_TO_32_BIT_CONVERSION = YES;
				GCC_WARN_ABOUT_RETURN_TYPE = YES_ERROR;
				GCC_WARN_UNDECLARED_SELECTOR = YES;
				GCC_WARN_UNINITIALIZED_AUTOS = YES_AGGRESSIVE;
				GCC_WARN_UNUSED_FUNCTION = YES;
				GCC_WARN_UNUSED_VARIABLE = YES;
				IPHONEOS_DEPLOYMENT_TARGET = 8.1;
				MTL_ENABLE_DEBUG_INFO = NO;
				SDKROOT = iphoneos;
				VALIDATE_PRODUCT = YES;
			};
			name = Release;
		};
		BFFF7B161A9C019C00C20F20 /* Debug */ = {
			isa = XCBuildConfiguration;
			buildSettings = {
				ASSETCATALOG_COMPILER_APPICON_NAME = AppIcon;
				CODE_SIGN_IDENTITY = "iPhone Developer";
				"CODE_SIGN_IDENTITY[sdk=iphoneos*]" = "iPhone Developer";
				INFOPLIST_FILE = DeBomber/Info.plist;
				LD_RUNPATH_SEARCH_PATHS = "$(inherited) @executable_path/Frameworks";
				PRODUCT_NAME = "$(TARGET_NAME)";
				PROVISIONING_PROFILE = "";
				TARGETED_DEVICE_FAMILY = 1;
			};
			name = Debug;
		};
		BFFF7B171A9C019C00C20F20 /* Release */ = {
			isa = XCBuildConfiguration;
			buildSettings = {
				ASSETCATALOG_COMPILER_APPICON_NAME = AppIcon;
				CODE_SIGN_IDENTITY = "iPhone Developer";
				"CODE_SIGN_IDENTITY[sdk=iphoneos*]" = "iPhone Developer";
				INFOPLIST_FILE = DeBomber/Info.plist;
				LD_RUNPATH_SEARCH_PATHS = "$(inherited) @executable_path/Frameworks";
				PRODUCT_NAME = "$(TARGET_NAME)";
				PROVISIONING_PROFILE = "";
				TARGETED_DEVICE_FAMILY = 1;
			};
			name = Release;
		};
		BFFF7B191A9C019C00C20F20 /* Debug */ = {
			isa = XCBuildConfiguration;
			buildSettings = {
				BUNDLE_LOADER = "$(TEST_HOST)";
				FRAMEWORK_SEARCH_PATHS = (
					"$(SDKROOT)/Developer/Library/Frameworks",
					"$(inherited)",
				);
				GCC_PREPROCESSOR_DEFINITIONS = (
					"DEBUG=1",
					"$(inherited)",
				);
				INFOPLIST_FILE = DeBomberTests/Info.plist;
				LD_RUNPATH_SEARCH_PATHS = "$(inherited) @executable_path/Frameworks @loader_path/Frameworks";
				PRODUCT_NAME = "$(TARGET_NAME)";
				TEST_HOST = "$(BUILT_PRODUCTS_DIR)/DeBomber.app/DeBomber";
			};
			name = Debug;
		};
		BFFF7B1A1A9C019C00C20F20 /* Release */ = {
			isa = XCBuildConfiguration;
			buildSettings = {
				BUNDLE_LOADER = "$(TEST_HOST)";
				FRAMEWORK_SEARCH_PATHS = (
					"$(SDKROOT)/Developer/Library/Frameworks",
					"$(inherited)",
				);
				INFOPLIST_FILE = DeBomberTests/Info.plist;
				LD_RUNPATH_SEARCH_PATHS = "$(inherited) @executable_path/Frameworks @loader_path/Frameworks";
				PRODUCT_NAME = "$(TARGET_NAME)";
				TEST_HOST = "$(BUILT_PRODUCTS_DIR)/DeBomber.app/DeBomber";
			};
			name = Release;
		};
/* End XCBuildConfiguration section */

/* Begin XCConfigurationList section */
		BFFF7AED1A9C019C00C20F20 /* Build configuration list for PBXProject "DeBomber" */ = {
			isa = XCConfigurationList;
			buildConfigurations = (
				BFFF7B131A9C019C00C20F20 /* Debug */,
				BFFF7B141A9C019C00C20F20 /* Release */,
			);
			defaultConfigurationIsVisible = 0;
			defaultConfigurationName = Release;
		};
		BFFF7B151A9C019C00C20F20 /* Build configuration list for PBXNativeTarget "DeBomber" */ = {
			isa = XCConfigurationList;
			buildConfigurations = (
				BFFF7B161A9C019C00C20F20 /* Debug */,
				BFFF7B171A9C019C00C20F20 /* Release */,
			);
			defaultConfigurationIsVisible = 0;
			defaultConfigurationName = Release;
		};
		BFFF7B181A9C019C00C20F20 /* Build configuration list for PBXNativeTarget "DeBomberTests" */ = {
			isa = XCConfigurationList;
			buildConfigurations = (
				BFFF7B191A9C019C00C20F20 /* Debug */,
				BFFF7B1A1A9C019C00C20F20 /* Release */,
			);
			defaultConfigurationIsVisible = 0;
			defaultConfigurationName = Release;
		};
/* End XCConfigurationList section */
	};
	rootObject = BFFF7AEA1A9C019C00C20F20 /* Project object */;
}
